<?xml version="1.0" encoding="utf-8"?>
<Project ToolsVersion="4.0" xmlns="http://schemas.microsoft.com/developer/msbuild/2003">
  <ItemGroup>
    <Filter Include="Examples">
      <UniqueIdentifier>{643CF628-5009-5134-7922-3FDC654E86C2}</UniqueIdentifier>
    </Filter>
    <Filter Include="Examples\2DShooter">
      <UniqueIdentifier>{4DF9B456-39DD-75AC-A23D-70FF8E40602E}</UniqueIdentifier>
    </Filter>
    <Filter Include="Examples\2DShooter\Source">
      <UniqueIdentifier>{ADEEB747-19B1-EBD1-6261-7A5ECE62C4AF}</UniqueIdentifier>
    </Filter>
    <Filter Include="Examples\UI">
      <UniqueIdentifier>{1165542E-7D1A-CD23-060F-C7FA72C3C327}</UniqueIdentifier>
    </Filter>
  </ItemGroup>
  <ItemGroup>
    <ClInclude Include="Source\Examples\ExampleApplication.h">
      <Filter>Examples</Filter>
    </ClInclude>
    <ClInclude Include="Source\Examples\ExampleComponent.h">
      <Filter>Examples</Filter>
    </ClInclude>
    <ClInclude Include="Source\Examples\TestRTTRSystem.h">
      <Filter>Examples</Filter>
    </ClInclude>
    <ClInclude Include="Source\Examples\UI\UI.h">
      <Filter>Examples\UI</Filter>
    </ClInclude>
    <ClInclude Include="Source\Examples\KingsAndPigs\Source\King.h" />
    <ClInclude Include="Source\Examples\KingsAndPigs\Source\Controller.h" />
    <ClInclude Include="Source\Examples\KingsAndPigs\Source\Pig.h" />
    <ClInclude Include="Source\Examples\KingsAndPigs\Source\Health.h" />
    <ClInclude Include="Source\Examples\KingsAndPigs\Source\Box.h" />
    <ClInclude Include="Source\Examples\KingsAndPigs\Source\Door.h" />
    <ClInclude Include="Source\Examples\KingsAndPigs\Source\PigThrowing.h" />
    <ClInclude Include="Source\Examples\KingsAndPigs\Source\ThrowingObject.h" />
    <ClInclude Include="Source\Examples\KingsAndPigs\Source\KingsAndPigs.h" />
  </ItemGroup>
  <ItemGroup>
    <ClCompile Include="Source\SandBox.cpp" />
    <ClCompile Include="Source\Examples\KingsAndPigs\Source\King.cpp" />
    <ClCompile Include="Source\Examples\KingsAndPigs\Source\Controller.cpp" />
    <ClCompile Include="Source\Examples\KingsAndPigs\Source\Pig.cpp" />
    <ClCompile Include="Source\Examples\KingsAndPigs\Source\Health.cpp" />
    <ClCompile Include="Source\Examples\KingsAndPigs\Source\Box.cpp" />
    <ClCompile Include="Source\Examples\KingsAndPigs\Source\Door.cpp" />
    <ClCompile Include="Source\Examples\KingsAndPigs\Source\PigThrowing.cpp" />
    <ClCompile Include="Source\Examples\KingsAndPigs\Source\ThrowingObject.cpp" />
  </ItemGroup>
  <ItemGroup>
    <None Include="Source\Examples\KingsAndPigs\TestAnimations.yaml" />
    <None Include="Source\Shaders\DrawFullScreenTexture.shader" />
    <None Include="Source\Shaders\AddBlurImages.shader" />
    <None Include="Source\Shaders\Blur.shader" />
    <None Include="Source\Shaders\ComposeFinalImage.shader" />
    <None Include="Source\Shaders\Default2D.shader" />
    <None Include="Source\Shaders\Default3D.shader" />
    <None Include="Source\Shaders\DefaultLines.shader" />
    <None Include="Source\Shaders\UI.shader" />
    <None Include="Source\Shaders\Instancing3D.shader" />
    <None Include="Source\Shaders\Depth.shader" />
    <None Include="Source\Shaders\Instancing3DDepth.shader" />
    <None Include="Source\Shaders\InstancingShadows.shader" />
    <None Include="Source\Shaders\Visualizer.shader" />
    <None Include="Source\Shaders\Deferred.shader" />
    <None Include="Source\Shaders\InstancingGBuffer.shader" />
    <None Include="Source\Shaders\Default2DGBuffer.shader" />
  </ItemGroup>
</Project>