<?xml version="1.0" encoding="utf-8"?>
<Project ToolsVersion="4.0" xmlns="http://schemas.microsoft.com/developer/msbuild/2003">
  <ItemGroup>
    <Filter Include="Audio">
      <UniqueIdentifier>{9718D90C-032D-01BE-CCAE-A41D3882FDEE}</UniqueIdentifier>
    </Filter>
    <Filter Include="Audio\OpenAl">
      <UniqueIdentifier>{4551DF67-31B4-6E0C-DA39-A7C2C67B3A8F}</UniqueIdentifier>
    </Filter>
    <Filter Include="Components">
      <UniqueIdentifier>{6B7DD516-5735-1764-C03C-F0BFAC13B254}</UniqueIdentifier>
    </Filter>
    <Filter Include="Core">
      <UniqueIdentifier>{2EB4837C-1AEB-840D-C3D7-6A10AFED000F}</UniqueIdentifier>
    </Filter>
    <Filter Include="Enums">
      <UniqueIdentifier>{CDEC1D0D-3901-46BE-0283-E91D6E5642EF}</UniqueIdentifier>
    </Filter>
    <Filter Include="EventSystem">
      <UniqueIdentifier>{CCE875DF-389E-EED4-C192-E8AB2D47E5D8}</UniqueIdentifier>
    </Filter>
    <Filter Include="Events">
      <UniqueIdentifier>{3A8963B1-262B-8E87-0FE6-A1DBFB2615D8}</UniqueIdentifier>
    </Filter>
    <Filter Include="Lua">
      <UniqueIdentifier>{A705880B-130F-887C-9C8A-9E7C0893937C}</UniqueIdentifier>
    </Filter>
    <Filter Include="OpenGL">
      <UniqueIdentifier>{8A864AC8-7628-759E-5FE3-88F24B24FCEE}</UniqueIdentifier>
    </Filter>
    <Filter Include="UI">
      <UniqueIdentifier>{83755900-6F01-880B-D8AF-880BC45A880B}</UniqueIdentifier>
    </Filter>
  </ItemGroup>
  <ItemGroup>
    <ClInclude Include="Source\Audio\OpenAl\EFX-Util.h">
      <Filter>Audio\OpenAl</Filter>
    </ClInclude>
    <ClInclude Include="Source\Audio\OpenAl\al.h">
      <Filter>Audio\OpenAl</Filter>
    </ClInclude>
    <ClInclude Include="Source\Audio\OpenAl\alc.h">
      <Filter>Audio\OpenAl</Filter>
    </ClInclude>
    <ClInclude Include="Source\Audio\OpenAl\efx-creative.h">
      <Filter>Audio\OpenAl</Filter>
    </ClInclude>
    <ClInclude Include="Source\Audio\OpenAl\efx.h">
      <Filter>Audio\OpenAl</Filter>
    </ClInclude>
    <ClInclude Include="Source\Audio\OpenAl\xram.h">
      <Filter>Audio\OpenAl</Filter>
    </ClInclude>
    <ClInclude Include="Source\Audio\Sound.h">
      <Filter>Audio</Filter>
    </ClInclude>
    <ClInclude Include="Source\Audio\SoundManager.h">
      <Filter>Audio</Filter>
    </ClInclude>
    <ClInclude Include="Source\Audio\vorbis.h">
      <Filter>Audio</Filter>
    </ClInclude>
    <ClInclude Include="Source\Audio\wavParser.h">
      <Filter>Audio</Filter>
    </ClInclude>
    <ClInclude Include="Source\Components\Animator2D.h">
      <Filter>Components</Filter>
    </ClInclude>
    <ClInclude Include="Source\Components\BoxCollider2D.h">
      <Filter>Components</Filter>
    </ClInclude>
    <ClInclude Include="Source\Components\CircleCollider2D.h">
      <Filter>Components</Filter>
    </ClInclude>
    <ClInclude Include="Source\Components\DirectionalLight.h">
      <Filter>Components</Filter>
    </ClInclude>
    <ClInclude Include="Source\Components\ICollider2D.h">
      <Filter>Components</Filter>
    </ClInclude>
    <ClInclude Include="Source\Components\IRenderer.h">
      <Filter>Components</Filter>
    </ClInclude>
    <ClInclude Include="Source\Components\ParticleEmitter.h">
      <Filter>Components</Filter>
    </ClInclude>
    <ClInclude Include="Source\Components\PointLight.h">
      <Filter>Components</Filter>
    </ClInclude>
    <ClInclude Include="Source\Components\Renderer2D.h">
      <Filter>Components</Filter>
    </ClInclude>
    <ClInclude Include="Source\Components\Renderer3D.h">
      <Filter>Components</Filter>
    </ClInclude>
    <ClInclude Include="Source\Components\Rigidbody2D.h">
      <Filter>Components</Filter>
    </ClInclude>
    <ClInclude Include="Source\Components\Script.h">
      <Filter>Components</Filter>
    </ClInclude>
    <ClInclude Include="Source\Components\Spline.h">
      <Filter>Components</Filter>
    </ClInclude>
    <ClInclude Include="Source\Components\SpotLight.h">
      <Filter>Components</Filter>
    </ClInclude>
    <ClInclude Include="Source\Components\Transform.h">
      <Filter>Components</Filter>
    </ClInclude>
    <ClInclude Include="Source\Core\Allocator.h">
      <Filter>Core</Filter>
    </ClInclude>
    <ClInclude Include="Source\Core\Animation2DManager.h">
      <Filter>Core</Filter>
    </ClInclude>
    <ClInclude Include="Source\Core\Application.h">
      <Filter>Core</Filter>
    </ClInclude>
    <ClInclude Include="Source\Core\Asset.h">
      <Filter>Core</Filter>
    </ClInclude>
    <ClInclude Include="Source\Core\BoundingBox.h">
      <Filter>Core</Filter>
    </ClInclude>
    <ClInclude Include="Source\Core\Camera.h">
      <Filter>Core</Filter>
    </ClInclude>
    <ClInclude Include="Source\Core\Component.h">
      <Filter>Core</Filter>
    </ClInclude>
    <ClInclude Include="Source\Core\ComponentManager.h">
      <Filter>Core</Filter>
    </ClInclude>
    <ClInclude Include="Source\Core\Core.h">
      <Filter>Core</Filter>
    </ClInclude>
    <ClInclude Include="Source\Core\Editor.h">
      <Filter>Core</Filter>
    </ClInclude>
    <ClInclude Include="Source\Core\EntryPoint.h">
      <Filter>Core</Filter>
    </ClInclude>
    <ClInclude Include="Source\Core\Environment.h">
      <Filter>Core</Filter>
    </ClInclude>
    <ClInclude Include="Source\Core\FileDialogs.h">
      <Filter>Core</Filter>
    </ClInclude>
    <ClInclude Include="Source\Core\GameObject.h">
      <Filter>Core</Filter>
    </ClInclude>
    <ClInclude Include="Source\Core\ImGuizmo.h">
      <Filter>Core</Filter>
    </ClInclude>
    <ClInclude Include="Source\Core\Input.h">
      <Filter>Core</Filter>
    </ClInclude>
    <ClInclude Include="Source\Core\Instancing.h">
      <Filter>Core</Filter>
    </ClInclude>
    <ClInclude Include="Source\Core\Logger.h">
      <Filter>Core</Filter>
    </ClInclude>
    <ClInclude Include="Source\Core\MaterialManager.h">
      <Filter>Core</Filter>
    </ClInclude>
    <ClInclude Include="Source\Core\MemoryManager.h">
      <Filter>Core</Filter>
    </ClInclude>
    <ClInclude Include="Source\Core\Mesh.h">
      <Filter>Core</Filter>
    </ClInclude>
    <ClInclude Include="Source\Core\MeshManager.h">
      <Filter>Core</Filter>
    </ClInclude>
    <ClInclude Include="Source\Core\ObjLoader.h">
      <Filter>Core</Filter>
    </ClInclude>
    <ClInclude Include="Source\Core\Raycast2D.h">
      <Filter>Core</Filter>
    </ClInclude>
    <ClInclude Include="Source\Core\Raycast3D.h">
      <Filter>Core</Filter>
    </ClInclude>
    <ClInclude Include="Source\Core\ReflectionSystem.h">
      <Filter>Core</Filter>
    </ClInclude>
    <ClInclude Include="Source\Core\Renderer.h">
      <Filter>Core</Filter>
    </ClInclude>
    <ClInclude Include="Source\Core\Scene.h">
      <Filter>Core</Filter>
    </ClInclude>
    <ClInclude Include="Source\Core\Serializer.h">
      <Filter>Core</Filter>
    </ClInclude>
    <ClInclude Include="Source\Core\TextureAtlas.h">
      <Filter>Core</Filter>
    </ClInclude>
    <ClInclude Include="Source\Core\TextureAtlasManager.h">
      <Filter>Core</Filter>
    </ClInclude>
    <ClInclude Include="Source\Core\TextureManager.h">
      <Filter>Core</Filter>
    </ClInclude>
    <ClInclude Include="Source\Core\ThreadPool.h">
      <Filter>Core</Filter>
    </ClInclude>
    <ClInclude Include="Source\Core\Time.h">
      <Filter>Core</Filter>
    </ClInclude>
    <ClInclude Include="Source\Core\Timer.h">
      <Filter>Core</Filter>
    </ClInclude>
    <ClInclude Include="Source\Core\UUID.h">
      <Filter>Core</Filter>
    </ClInclude>
    <ClInclude Include="Source\Core\Utils.h">
      <Filter>Core</Filter>
    </ClInclude>
    <ClInclude Include="Source\Core\Viewport.h">
      <Filter>Core</Filter>
    </ClInclude>
    <ClInclude Include="Source\Core\Visualizer.h">
      <Filter>Core</Filter>
    </ClInclude>
    <ClInclude Include="Source\Core\Window.h">
      <Filter>Core</Filter>
    </ClInclude>
    <ClInclude Include="Source\Enums\ColoredOutput.h">
      <Filter>Enums</Filter>
    </ClInclude>
    <ClInclude Include="Source\Enums\Colors.h">
      <Filter>Enums</Filter>
    </ClInclude>
    <ClInclude Include="Source\Enums\EventType.h">
      <Filter>Enums</Filter>
    </ClInclude>
    <ClInclude Include="Source\Enums\KeyCode.h">
      <Filter>Enums</Filter>
    </ClInclude>
    <ClInclude Include="Source\EventSystem\EventSystem.h">
      <Filter>EventSystem</Filter>
    </ClInclude>
    <ClInclude Include="Source\EventSystem\Listener.h">
      <Filter>EventSystem</Filter>
    </ClInclude>
    <ClInclude Include="Source\Events\Event.h">
      <Filter>Events</Filter>
    </ClInclude>
    <ClInclude Include="Source\Events\OnMainThreadCallback.h">
      <Filter>Events</Filter>
    </ClInclude>
    <ClInclude Include="Source\Events\SetScrollEvent.h">
      <Filter>Events</Filter>
    </ClInclude>
    <ClInclude Include="Source\Events\WindowResizeEvent.h">
      <Filter>Events</Filter>
    </ClInclude>
    <ClInclude Include="Source\Lua\LuaState.h">
      <Filter>Lua</Filter>
    </ClInclude>
    <ClInclude Include="Source\Lua\LuaStateManager.h">
      <Filter>Lua</Filter>
    </ClInclude>
    <ClInclude Include="Source\OpenGL\Batch.h">
      <Filter>OpenGL</Filter>
    </ClInclude>
    <ClInclude Include="Source\OpenGL\FrameBuffer.h">
      <Filter>OpenGL</Filter>
    </ClInclude>
    <ClInclude Include="Source\OpenGL\IndexBuffer.h">
      <Filter>OpenGL</Filter>
    </ClInclude>
    <ClInclude Include="Source\OpenGL\Material.h">
      <Filter>OpenGL</Filter>
    </ClInclude>
    <ClInclude Include="Source\OpenGL\Shader.h">
      <Filter>OpenGL</Filter>
    </ClInclude>
    <ClInclude Include="Source\OpenGL\Texture.h">
      <Filter>OpenGL</Filter>
    </ClInclude>
    <ClInclude Include="Source\OpenGL\VertexArray.h">
      <Filter>OpenGL</Filter>
    </ClInclude>
    <ClInclude Include="Source\OpenGL\VertexBuffer.h">
      <Filter>OpenGL</Filter>
    </ClInclude>
    <ClInclude Include="Source\OpenGL\VertexBufferLayout.h">
      <Filter>OpenGL</Filter>
    </ClInclude>
    <ClInclude Include="Source\OpenGL\stb_image.h">
      <Filter>OpenGL</Filter>
    </ClInclude>
    <ClInclude Include="Source\UI\Character.h">
      <Filter>UI</Filter>
    </ClInclude>
    <ClInclude Include="Source\UI\Gui.h">
      <Filter>UI</Filter>
    </ClInclude>
    <ClInclude Include="Source\Core\BulletPhysicsWorld.h" />
    <ClInclude Include="Source\Components\BoxCollider3D.h" />
    <ClInclude Include="Source\Components\ICollider3D.h" />
    <ClInclude Include="Source\Components\Rigidbody3D.h" />
    <ClInclude Include="Source\Components\SphereCollider3D.h" />
  </ItemGroup>
  <ItemGroup>
    <ClCompile Include="Source\Audio\Sound.cpp">
      <Filter>Audio</Filter>
    </ClCompile>
    <ClCompile Include="Source\Audio\SoundManager.cpp">
      <Filter>Audio</Filter>
    </ClCompile>
    <ClCompile Include="Source\Components\Animator2D.cpp">
      <Filter>Components</Filter>
    </ClCompile>
    <ClCompile Include="Source\Components\BoxCollider2D.cpp">
      <Filter>Components</Filter>
    </ClCompile>
    <ClCompile Include="Source\Components\CircleCollider2D.cpp">
      <Filter>Components</Filter>
    </ClCompile>
    <ClCompile Include="Source\Components\DirectionalLight.cpp">
      <Filter>Components</Filter>
    </ClCompile>
    <ClCompile Include="Source\Components\ICollider2D.cpp">
      <Filter>Components</Filter>
    </ClCompile>
    <ClCompile Include="Source\Components\ParticleEmitter.cpp">
      <Filter>Components</Filter>
    </ClCompile>
    <ClCompile Include="Source\Components\PointLight.cpp">
      <Filter>Components</Filter>
    </ClCompile>
    <ClCompile Include="Source\Components\Renderer2D.cpp">
      <Filter>Components</Filter>
    </ClCompile>
    <ClCompile Include="Source\Components\Renderer3D.cpp">
      <Filter>Components</Filter>
    </ClCompile>
    <ClCompile Include="Source\Components\Rigidbody2D.cpp">
      <Filter>Components</Filter>
    </ClCompile>
    <ClCompile Include="Source\Components\Script.cpp">
      <Filter>Components</Filter>
    </ClCompile>
    <ClCompile Include="Source\Components\Spline.cpp">
      <Filter>Components</Filter>
    </ClCompile>
    <ClCompile Include="Source\Components\SpotLight.cpp">
      <Filter>Components</Filter>
    </ClCompile>
    <ClCompile Include="Source\Components\Transform.cpp">
      <Filter>Components</Filter>
    </ClCompile>
    <ClCompile Include="Source\Core\Allocator.cpp">
      <Filter>Core</Filter>
    </ClCompile>
    <ClCompile Include="Source\Core\Animation2DManager.cpp">
      <Filter>Core</Filter>
    </ClCompile>
    <ClCompile Include="Source\Core\Application.cpp">
      <Filter>Core</Filter>
    </ClCompile>
    <ClCompile Include="Source\Core\Asset.cpp">
      <Filter>Core</Filter>
    </ClCompile>
    <ClCompile Include="Source\Core\BoundingBox.cpp">
      <Filter>Core</Filter>
    </ClCompile>
    <ClCompile Include="Source\Core\Camera.cpp">
      <Filter>Core</Filter>
    </ClCompile>
    <ClCompile Include="Source\Core\Component.cpp">
      <Filter>Core</Filter>
    </ClCompile>
    <ClCompile Include="Source\Core\ComponentManager.cpp">
      <Filter>Core</Filter>
    </ClCompile>
    <ClCompile Include="Source\Core\Editor.cpp">
      <Filter>Core</Filter>
    </ClCompile>
    <ClCompile Include="Source\Core\EntryPoint.cpp">
      <Filter>Core</Filter>
    </ClCompile>
    <ClCompile Include="Source\Core\Environment.cpp">
      <Filter>Core</Filter>
    </ClCompile>
    <ClCompile Include="Source\Core\FileDialogs.cpp">
      <Filter>Core</Filter>
    </ClCompile>
    <ClCompile Include="Source\Core\GameObject.cpp">
      <Filter>Core</Filter>
    </ClCompile>
    <ClCompile Include="Source\Core\ImGuizmo.cpp">
      <Filter>Core</Filter>
    </ClCompile>
    <ClCompile Include="Source\Core\Input.cpp">
      <Filter>Core</Filter>
    </ClCompile>
    <ClCompile Include="Source\Core\Instancing.cpp">
      <Filter>Core</Filter>
    </ClCompile>
    <ClCompile Include="Source\Core\Logger.cpp">
      <Filter>Core</Filter>
    </ClCompile>
    <ClCompile Include="Source\Core\MaterialManager.cpp">
      <Filter>Core</Filter>
    </ClCompile>
    <ClCompile Include="Source\Core\MemoryManager.cpp">
      <Filter>Core</Filter>
    </ClCompile>
    <ClCompile Include="Source\Core\Mesh.cpp">
      <Filter>Core</Filter>
    </ClCompile>
    <ClCompile Include="Source\Core\MeshManager.cpp">
      <Filter>Core</Filter>
    </ClCompile>
    <ClCompile Include="Source\Core\ObjLoader.cpp">
      <Filter>Core</Filter>
    </ClCompile>
    <ClCompile Include="Source\Core\Raycast2D.cpp">
      <Filter>Core</Filter>
    </ClCompile>
    <ClCompile Include="Source\Core\Raycast3D.cpp">
      <Filter>Core</Filter>
    </ClCompile>
    <ClCompile Include="Source\Core\Renderer.cpp">
      <Filter>Core</Filter>
    </ClCompile>
    <ClCompile Include="Source\Core\Scene.cpp">
      <Filter>Core</Filter>
    </ClCompile>
    <ClCompile Include="Source\Core\Serializer.cpp">
      <Filter>Core</Filter>
    </ClCompile>
    <ClCompile Include="Source\Core\TextureAtlas.cpp">
      <Filter>Core</Filter>
    </ClCompile>
    <ClCompile Include="Source\Core\TextureAtlasManager.cpp">
      <Filter>Core</Filter>
    </ClCompile>
    <ClCompile Include="Source\Core\TextureManager.cpp">
      <Filter>Core</Filter>
    </ClCompile>
    <ClCompile Include="Source\Core\ThreadPool.cpp">
      <Filter>Core</Filter>
    </ClCompile>
    <ClCompile Include="Source\Core\Timer.cpp">
      <Filter>Core</Filter>
    </ClCompile>
    <ClCompile Include="Source\Core\UUID.cpp">
      <Filter>Core</Filter>
    </ClCompile>
    <ClCompile Include="Source\Core\Viewport.cpp">
      <Filter>Core</Filter>
    </ClCompile>
    <ClCompile Include="Source\Core\Visualizer.cpp">
      <Filter>Core</Filter>
    </ClCompile>
    <ClCompile Include="Source\Core\Window.cpp">
      <Filter>Core</Filter>
    </ClCompile>
    <ClCompile Include="Source\EventSystem\EventSystem.cpp">
      <Filter>EventSystem</Filter>
    </ClCompile>
    <ClCompile Include="Source\EventSystem\Listener.cpp">
      <Filter>EventSystem</Filter>
    </ClCompile>
    <ClCompile Include="Source\Lua\LuaState.cpp">
      <Filter>Lua</Filter>
    </ClCompile>
    <ClCompile Include="Source\Lua\LuaStateManager.cpp">
      <Filter>Lua</Filter>
    </ClCompile>
    <ClCompile Include="Source\OpenGL\Batch.cpp">
      <Filter>OpenGL</Filter>
    </ClCompile>
    <ClCompile Include="Source\OpenGL\FrameBuffer.cpp">
      <Filter>OpenGL</Filter>
    </ClCompile>
    <ClCompile Include="Source\OpenGL\IndexBuffer.cpp">
      <Filter>OpenGL</Filter>
    </ClCompile>
    <ClCompile Include="Source\OpenGL\Material.cpp">
      <Filter>OpenGL</Filter>
    </ClCompile>
    <ClCompile Include="Source\OpenGL\Shader.cpp">
      <Filter>OpenGL</Filter>
    </ClCompile>
    <ClCompile Include="Source\OpenGL\Texture.cpp">
      <Filter>OpenGL</Filter>
    </ClCompile>
    <ClCompile Include="Source\OpenGL\VertexArray.cpp">
      <Filter>OpenGL</Filter>
    </ClCompile>
    <ClCompile Include="Source\OpenGL\VertexBuffer.cpp">
      <Filter>OpenGL</Filter>
    </ClCompile>
    <ClCompile Include="Source\OpenGL\stb_image.cpp">
      <Filter>OpenGL</Filter>
    </ClCompile>
    <ClCompile Include="Source\StaticVariables.cpp" />
    <ClCompile Include="Source\UI\Character.cpp">
      <Filter>UI</Filter>
    </ClCompile>
    <ClCompile Include="Source\UI\Gui.cpp">
      <Filter>UI</Filter>
    </ClCompile>
    <ClCompile Include="Source\Core\BulletPhysicsWorld.cpp" />
    <ClCompile Include="Source\Components\BoxCollider3D.cpp" />
    <ClCompile Include="Source\Components\Rigidbody3D.cpp" />
    <ClCompile Include="Source\Components\ICollider3D.cpp" />
    <ClCompile Include="Source\Components\SphereCollider3D.cpp" />
  </ItemGroup>
</Project>