<?xml version="1.0" encoding="utf-8"?>
<Project ToolsVersion="4.0" xmlns="http://schemas.microsoft.com/developer/msbuild/2003">
  <ItemGroup>
    <Filter Include="Components">
      <UniqueIdentifier>{6B7DD516-5735-1764-C03C-F0BFAC13B254}</UniqueIdentifier>
    </Filter>
    <Filter Include="Core">
      <UniqueIdentifier>{2EB4837C-1AEB-840D-C3D7-6A10AFED000F}</UniqueIdentifier>
    </Filter>
    <Filter Include="Enums">
      <UniqueIdentifier>{CDEC1D0D-3901-46BE-0283-E91D6E5642EF}</UniqueIdentifier>
    </Filter>
    <Filter Include="EventSystem">
      <UniqueIdentifier>{CCE875DF-389E-EED4-C192-E8AB2D47E5D8}</UniqueIdentifier>
    </Filter>
    <Filter Include="Events">
      <UniqueIdentifier>{3A8963B1-262B-8E87-0FE6-A1DBFB2615D8}</UniqueIdentifier>
    </Filter>
    <Filter Include="OpenGL">
      <UniqueIdentifier>{8A864AC8-7628-759E-5FE3-88F24B24FCEE}</UniqueIdentifier>
    </Filter>
  </ItemGroup>
  <ItemGroup>
    <ClInclude Include="Source\Components\BoxCollider2D.h">
      <Filter>Components</Filter>
    </ClInclude>
    <ClInclude Include="Source\Components\IRenderer.h">
      <Filter>Components</Filter>
    </ClInclude>
    <ClInclude Include="Source\Components\Renderer2D.h">
      <Filter>Components</Filter>
    </ClInclude>
    <ClInclude Include="Source\Components\Rigidbody2D.h">
      <Filter>Components</Filter>
    </ClInclude>
    <ClInclude Include="Source\Components\Transform.h">
      <Filter>Components</Filter>
    </ClInclude>
    <ClInclude Include="Source\Core\Allocator.h">
      <Filter>Core</Filter>
    </ClInclude>
    <ClInclude Include="Source\Core\Application.h">
      <Filter>Core</Filter>
    </ClInclude>
    <ClInclude Include="Source\Core\Camera.h">
      <Filter>Core</Filter>
    </ClInclude>
    <ClInclude Include="Source\Core\Component.h">
      <Filter>Core</Filter>
    </ClInclude>
    <ClInclude Include="Source\Core\ComponentManager.h">
      <Filter>Core</Filter>
    </ClInclude>
    <ClInclude Include="Source\Core\Core.h">
      <Filter>Core</Filter>
    </ClInclude>
    <ClInclude Include="Source\Core\Editor.h">
      <Filter>Core</Filter>
    </ClInclude>
    <ClInclude Include="Source\Core\EntryPoint.h">
      <Filter>Core</Filter>
    </ClInclude>
    <ClInclude Include="Source\Core\Environment.h">
      <Filter>Core</Filter>
    </ClInclude>
    <ClInclude Include="Source\Core\GameObject.h">
      <Filter>Core</Filter>
    </ClInclude>
    <ClInclude Include="Source\Core\ImGuizmo.h">
      <Filter>Core</Filter>
    </ClInclude>
    <ClInclude Include="Source\Core\Input.h">
      <Filter>Core</Filter>
    </ClInclude>
    <ClInclude Include="Source\Core\Logger.h">
      <Filter>Core</Filter>
    </ClInclude>
    <ClInclude Include="Source\Core\MemoryManager.h">
      <Filter>Core</Filter>
    </ClInclude>
    <ClInclude Include="Source\Core\Mesh.h">
      <Filter>Core</Filter>
    </ClInclude>
    <ClInclude Include="Source\Core\MeshManager.h">
      <Filter>Core</Filter>
    </ClInclude>
    <ClInclude Include="Source\Core\Scene.h">
      <Filter>Core</Filter>
    </ClInclude>
    <ClInclude Include="Source\Core\TextureManager.h">
      <Filter>Core</Filter>
    </ClInclude>
    <ClInclude Include="Source\Core\ThreadPool.h">
      <Filter>Core</Filter>
    </ClInclude>
    <ClInclude Include="Source\Core\Time.h">
      <Filter>Core</Filter>
    </ClInclude>
    <ClInclude Include="Source\Core\Timer.h">
      <Filter>Core</Filter>
    </ClInclude>
    <ClInclude Include="Source\Core\Utils.h">
      <Filter>Core</Filter>
    </ClInclude>
    <ClInclude Include="Source\Core\Viewport.h">
      <Filter>Core</Filter>
    </ClInclude>
    <ClInclude Include="Source\Core\Window.h">
      <Filter>Core</Filter>
    </ClInclude>
    <ClInclude Include="Source\Enums\ColoredOutput.h">
      <Filter>Enums</Filter>
    </ClInclude>
    <ClInclude Include="Source\Enums\EventType.h">
      <Filter>Enums</Filter>
    </ClInclude>
    <ClInclude Include="Source\Enums\KeyCode.h">
      <Filter>Enums</Filter>
    </ClInclude>
    <ClInclude Include="Source\EventSystem\EventSystem.h">
      <Filter>EventSystem</Filter>
    </ClInclude>
    <ClInclude Include="Source\EventSystem\Listener.h">
      <Filter>EventSystem</Filter>
    </ClInclude>
    <ClInclude Include="Source\Events\Event.h">
      <Filter>Events</Filter>
    </ClInclude>
    <ClInclude Include="Source\Events\OnMainThreadCallback.h">
      <Filter>Events</Filter>
    </ClInclude>
    <ClInclude Include="Source\Events\WindowResizeEvent.h">
      <Filter>Events</Filter>
    </ClInclude>
    <ClInclude Include="Source\OpenGL\Batch.h">
      <Filter>OpenGL</Filter>
    </ClInclude>
    <ClInclude Include="Source\OpenGL\FrameBuffer.h">
      <Filter>OpenGL</Filter>
    </ClInclude>
    <ClInclude Include="Source\OpenGL\IndexBuffer.h">
      <Filter>OpenGL</Filter>
    </ClInclude>
    <ClInclude Include="Source\OpenGL\Shader.h">
      <Filter>OpenGL</Filter>
    </ClInclude>
    <ClInclude Include="Source\OpenGL\Texture.h">
      <Filter>OpenGL</Filter>
    </ClInclude>
    <ClInclude Include="Source\OpenGL\VertexArray.h">
      <Filter>OpenGL</Filter>
    </ClInclude>
    <ClInclude Include="Source\OpenGL\VertexBuffer.h">
      <Filter>OpenGL</Filter>
    </ClInclude>
    <ClInclude Include="Source\OpenGL\VertexBufferLayout.h">
      <Filter>OpenGL</Filter>
    </ClInclude>
    <ClInclude Include="Source\OpenGL\stb_image.h">
      <Filter>OpenGL</Filter>
    </ClInclude>
    <ClInclude Include="Source\Core\UUID.h" />
    <ClInclude Include="Source\Components\Animator2D.h" />
    <ClInclude Include="Source\Core\Serializer.h" />
    <ClInclude Include="Source\yaml-cpp\contrib\anchordict.h" />
    <ClInclude Include="Source\yaml-cpp\contrib\graphbuilder.h" />
    <ClInclude Include="Source\yaml-cpp\node\detail\impl.h" />
    <ClInclude Include="Source\yaml-cpp\node\detail\iterator.h" />
    <ClInclude Include="Source\yaml-cpp\node\detail\iterator_fwd.h" />
    <ClInclude Include="Source\yaml-cpp\node\detail\memory.h" />
    <ClInclude Include="Source\yaml-cpp\node\detail\node.h" />
    <ClInclude Include="Source\yaml-cpp\node\detail\node_data.h" />
    <ClInclude Include="Source\yaml-cpp\node\detail\node_iterator.h" />
    <ClInclude Include="Source\yaml-cpp\node\detail\node_ref.h" />
    <ClInclude Include="Source\yaml-cpp\node\convert.h" />
    <ClInclude Include="Source\yaml-cpp\node\emit.h" />
    <ClInclude Include="Source\yaml-cpp\node\impl.h" />
    <ClInclude Include="Source\yaml-cpp\node\iterator.h" />
    <ClInclude Include="Source\yaml-cpp\node\node.h" />
    <ClInclude Include="Source\yaml-cpp\node\parse.h" />
    <ClInclude Include="Source\yaml-cpp\node\ptr.h" />
    <ClInclude Include="Source\yaml-cpp\node\type.h" />
    <ClInclude Include="Source\yaml-cpp\src\contrib\graphbuilderadapter.h" />
    <ClInclude Include="Source\yaml-cpp\src\collectionstack.h" />
    <ClInclude Include="Source\yaml-cpp\src\directives.h" />
    <ClInclude Include="Source\yaml-cpp\src\emitterstate.h" />
    <ClInclude Include="Source\yaml-cpp\src\emitterutils.h" />
    <ClInclude Include="Source\yaml-cpp\src\exp.h" />
    <ClInclude Include="Source\yaml-cpp\src\indentation.h" />
    <ClInclude Include="Source\yaml-cpp\src\nodebuilder.h" />
    <ClInclude Include="Source\yaml-cpp\src\nodeevents.h" />
    <ClInclude Include="Source\yaml-cpp\src\ptr_vector.h" />
    <ClInclude Include="Source\yaml-cpp\src\regex_yaml.h" />
    <ClInclude Include="Source\yaml-cpp\src\regeximpl.h" />
    <ClInclude Include="Source\yaml-cpp\src\scanner.h" />
    <ClInclude Include="Source\yaml-cpp\src\scanscalar.h" />
    <ClInclude Include="Source\yaml-cpp\src\scantag.h" />
    <ClInclude Include="Source\yaml-cpp\src\setting.h" />
    <ClInclude Include="Source\yaml-cpp\src\singledocparser.h" />
    <ClInclude Include="Source\yaml-cpp\src\stream.h" />
    <ClInclude Include="Source\yaml-cpp\src\streamcharsource.h" />
    <ClInclude Include="Source\yaml-cpp\src\stringsource.h" />
    <ClInclude Include="Source\yaml-cpp\src\tag.h" />
    <ClInclude Include="Source\yaml-cpp\src\token.h" />
    <ClInclude Include="Source\yaml-cpp\anchor.h" />
    <ClInclude Include="Source\yaml-cpp\binary.h" />
    <ClInclude Include="Source\yaml-cpp\depthguard.h" />
    <ClInclude Include="Source\yaml-cpp\dll.h" />
    <ClInclude Include="Source\yaml-cpp\emitfromevents.h" />
    <ClInclude Include="Source\yaml-cpp\emitter.h" />
    <ClInclude Include="Source\yaml-cpp\emitterdef.h" />
    <ClInclude Include="Source\yaml-cpp\emittermanip.h" />
    <ClInclude Include="Source\yaml-cpp\emitterstyle.h" />
    <ClInclude Include="Source\yaml-cpp\eventhandler.h" />
    <ClInclude Include="Source\yaml-cpp\exceptions.h" />
    <ClInclude Include="Source\yaml-cpp\mark.h" />
    <ClInclude Include="Source\yaml-cpp\noexcept.h" />
    <ClInclude Include="Source\yaml-cpp\null.h" />
    <ClInclude Include="Source\yaml-cpp\ostream_wrapper.h" />
    <ClInclude Include="Source\yaml-cpp\parser.h" />
    <ClInclude Include="Source\yaml-cpp\stlemitter.h" />
    <ClInclude Include="Source\yaml-cpp\traits.h" />
    <ClInclude Include="Source\yaml-cpp\yaml.h" />
    <ClInclude Include="Source\Core\Animation2DManager.h" />
    <ClInclude Include="Source\Core\Visualizer.h" />
    <ClInclude Include="Source\Core\TextureAtlas.h" />
    <ClInclude Include="Source\Core\TextureAtlasManager.h" />
    <ClInclude Include="Source\UI\Character.h" />
    <ClInclude Include="Source\UI\Gui.h" />
    <ClInclude Include="Source\Components\Renderer3D.h" />
    <ClInclude Include="Source\OpenGL\Material.h" />
    <ClInclude Include="Source\Core\ObjLoader.h" />
  </ItemGroup>
  <ItemGroup>
    <ClCompile Include="Source\Components\BoxCollider2D.cpp">
      <Filter>Components</Filter>
    </ClCompile>
    <ClCompile Include="Source\Components\Renderer2D.cpp">
      <Filter>Components</Filter>
    </ClCompile>
    <ClCompile Include="Source\Components\Rigidbody2D.cpp">
      <Filter>Components</Filter>
    </ClCompile>
    <ClCompile Include="Source\Components\Transform.cpp">
      <Filter>Components</Filter>
    </ClCompile>
    <ClCompile Include="Source\Core\Allocator.cpp">
      <Filter>Core</Filter>
    </ClCompile>
    <ClCompile Include="Source\Core\Application.cpp">
      <Filter>Core</Filter>
    </ClCompile>
    <ClCompile Include="Source\Core\Camera.cpp">
      <Filter>Core</Filter>
    </ClCompile>
    <ClCompile Include="Source\Core\Component.cpp">
      <Filter>Core</Filter>
    </ClCompile>
    <ClCompile Include="Source\Core\ComponentManager.cpp">
      <Filter>Core</Filter>
    </ClCompile>
    <ClCompile Include="Source\Core\Core.cpp">
      <Filter>Core</Filter>
    </ClCompile>
    <ClCompile Include="Source\Core\Editor.cpp">
      <Filter>Core</Filter>
    </ClCompile>
    <ClCompile Include="Source\Core\EntryPoint.cpp">
      <Filter>Core</Filter>
    </ClCompile>
    <ClCompile Include="Source\Core\Environment.cpp">
      <Filter>Core</Filter>
    </ClCompile>
    <ClCompile Include="Source\Core\GameObject.cpp">
      <Filter>Core</Filter>
    </ClCompile>
    <ClCompile Include="Source\Core\ImGuizmo.cpp">
      <Filter>Core</Filter>
    </ClCompile>
    <ClCompile Include="Source\Core\Input.cpp">
      <Filter>Core</Filter>
    </ClCompile>
    <ClCompile Include="Source\Core\Logger.cpp">
      <Filter>Core</Filter>
    </ClCompile>
    <ClCompile Include="Source\Core\MemoryManager.cpp">
      <Filter>Core</Filter>
    </ClCompile>
    <ClCompile Include="Source\Core\Mesh.cpp">
      <Filter>Core</Filter>
    </ClCompile>
    <ClCompile Include="Source\Core\MeshManager.cpp">
      <Filter>Core</Filter>
    </ClCompile>
    <ClCompile Include="Source\Core\Scene.cpp">
      <Filter>Core</Filter>
    </ClCompile>
    <ClCompile Include="Source\Core\TextureManager.cpp">
      <Filter>Core</Filter>
    </ClCompile>
    <ClCompile Include="Source\Core\ThreadPool.cpp">
      <Filter>Core</Filter>
    </ClCompile>
    <ClCompile Include="Source\Core\Viewport.cpp">
      <Filter>Core</Filter>
    </ClCompile>
    <ClCompile Include="Source\Core\Window.cpp">
      <Filter>Core</Filter>
    </ClCompile>
    <ClCompile Include="Source\EventSystem\EventSystem.cpp">
      <Filter>EventSystem</Filter>
    </ClCompile>
    <ClCompile Include="Source\EventSystem\Listener.cpp">
      <Filter>EventSystem</Filter>
    </ClCompile>
    <ClCompile Include="Source\OpenGL\Batch.cpp">
      <Filter>OpenGL</Filter>
    </ClCompile>
    <ClCompile Include="Source\OpenGL\FrameBuffer.cpp">
      <Filter>OpenGL</Filter>
    </ClCompile>
    <ClCompile Include="Source\OpenGL\IndexBuffer.cpp">
      <Filter>OpenGL</Filter>
    </ClCompile>
    <ClCompile Include="Source\OpenGL\Shader.cpp">
      <Filter>OpenGL</Filter>
    </ClCompile>
    <ClCompile Include="Source\OpenGL\Texture.cpp">
      <Filter>OpenGL</Filter>
    </ClCompile>
    <ClCompile Include="Source\OpenGL\VertexArray.cpp">
      <Filter>OpenGL</Filter>
    </ClCompile>
    <ClCompile Include="Source\OpenGL\VertexBuffer.cpp">
      <Filter>OpenGL</Filter>
    </ClCompile>
    <ClCompile Include="Source\OpenGL\stb_image.cpp">
      <Filter>OpenGL</Filter>
    </ClCompile>
    <ClCompile Include="Source\StaticVariables.cpp" />
    <ClCompile Include="Source\Core\UUID.cpp" />
    <ClCompile Include="Source\Components\Animator2D.cpp" />
    <ClCompile Include="Source\Core\Serializer.cpp" />
    <ClCompile Include="Source\yaml-cpp\src\contrib\graphbuilder.cpp" />
    <ClCompile Include="Source\yaml-cpp\src\contrib\graphbuilderadapter.cpp" />
    <ClCompile Include="Source\yaml-cpp\src\binary.cpp" />
    <ClCompile Include="Source\yaml-cpp\src\convert.cpp" />
    <ClCompile Include="Source\yaml-cpp\src\depthguard.cpp" />
    <ClCompile Include="Source\yaml-cpp\src\directives.cpp" />
    <ClCompile Include="Source\yaml-cpp\src\emit.cpp" />
    <ClCompile Include="Source\yaml-cpp\src\emitfromevents.cpp" />
    <ClCompile Include="Source\yaml-cpp\src\emitter.cpp" />
    <ClCompile Include="Source\yaml-cpp\src\emitterstate.cpp" />
    <ClCompile Include="Source\yaml-cpp\src\emitterutils.cpp" />
    <ClCompile Include="Source\yaml-cpp\src\exceptions.cpp" />
    <ClCompile Include="Source\yaml-cpp\src\exp.cpp" />
    <ClCompile Include="Source\yaml-cpp\src\memory.cpp" />
    <ClCompile Include="Source\yaml-cpp\src\node.cpp" />
    <ClCompile Include="Source\yaml-cpp\src\node_data.cpp" />
    <ClCompile Include="Source\yaml-cpp\src\nodebuilder.cpp" />
    <ClCompile Include="Source\yaml-cpp\src\nodeevents.cpp" />
    <ClCompile Include="Source\yaml-cpp\src\null.cpp" />
    <ClCompile Include="Source\yaml-cpp\src\ostream_wrapper.cpp" />
    <ClCompile Include="Source\yaml-cpp\src\parse.cpp" />
    <ClCompile Include="Source\yaml-cpp\src\parser.cpp" />
    <ClCompile Include="Source\yaml-cpp\src\regex_yaml.cpp" />
    <ClCompile Include="Source\yaml-cpp\src\scanner.cpp" />
    <ClCompile Include="Source\yaml-cpp\src\scanscalar.cpp" />
    <ClCompile Include="Source\yaml-cpp\src\scantag.cpp" />
    <ClCompile Include="Source\yaml-cpp\src\scantoken.cpp" />
    <ClCompile Include="Source\yaml-cpp\src\simplekey.cpp" />
    <ClCompile Include="Source\yaml-cpp\src\singledocparser.cpp" />
    <ClCompile Include="Source\yaml-cpp\src\stream.cpp" />
    <ClCompile Include="Source\yaml-cpp\src\tag.cpp" />
    <ClCompile Include="Source\Core\Animation2DManager.cpp" />
    <ClCompile Include="Source\Core\Visualizer.cpp" />
    <ClCompile Include="Source\Core\TextureAtlasManager.cpp" />
    <ClCompile Include="Source\Core\TextureAtlas.cpp" />
    <ClCompile Include="Source\UI\Character.cpp" />
    <ClCompile Include="Source\UI\Gui.cpp" />
    <ClCompile Include="Source\Components\Renderer3D.cpp" />
    <ClCompile Include="Source\Core\ObjLoader.cpp" />
  </ItemGroup>
</Project>